
Microsoft Visual Studio Solution File, Format Version 12.00
# Visual Studio Version 16
VisualStudioVersion = 16.0.31613.86
MinimumVisualStudioVersion = 10.0.40219.1
Project("{FAE04EC0-301F-11D3-BF4B-00C04F79EFBC}") = "Patterns", "AbstractFactory\Patterns.csproj", "{EAB57215-5C61-4057-9498-AD0A135A8BFE}"
EndProject
Global
	GlobalSection(SolutionConfigurationPlatforms) = preSolution
		Debug|Any CPU = Debug|Any CPU
		Release|Any CPU = Release|Any CPU
	EndGlobalSection
	GlobalSection(ProjectConfigurationPlatforms) = postSolution
		{EAB57215-5C61-4057-9498-AD0A135A8BFE}.Debug|Any CPU.ActiveCfg = Debug|Any CPU
		{EAB57215-5C61-4057-9498-AD0A135A8BFE}.Debug|Any CPU.Build.0 = Debug|Any CPU
		{EAB57215-5C61-4057-9498-AD0A135A8BFE}.Release|Any CPU.ActiveCfg = Release|Any CPU
		{EAB57215-5C61-4057-9498-AD0A135A8BFE}.Release|Any CPU.Build.0 = Release|Any CPU
	EndGlobalSection
	GlobalSection(SolutionProperties) = preSolution
		HideSolutionNode = FALSE
	EndGlobalSection
	GlobalSection(ExtensibilityGlobals) = postSolution
		SolutionGuid = {664CE26C-64FA-45DA-A9CF-60E3E72E505D}
	EndGlobalSection
EndGlobal
